// !$*UTF8*$!
{
	archiveVersion = 1;
	classes = {
	};
	objectVersion = 56;
	objects = {

/* Begin PBXBuildFile section */
		848C497E2C26A43800EA8FB8 /* StructApp.swift in Sources */ = {isa = PBXBuildFile; fileRef = 848C497D2C26A43800EA8FB8 /* StructApp.swift */; };
		848C49802C26A43800EA8FB8 /* ContentView.swift in Sources */ = {isa = PBXBuildFile; fileRef = 848C497F2C26A43800EA8FB8 /* ContentView.swift */; };
		848C49822C26A43A00EA8FB8 /* Assets.xcassets in Resources */ = {isa = PBXBuildFile; fileRef = 848C49812C26A43A00EA8FB8 /* Assets.xcassets */; };
		848C49852C26A43A00EA8FB8 /* Preview Assets.xcassets in Resources */ = {isa = PBXBuildFile; fileRef = 848C49842C26A43A00EA8FB8 /* Preview Assets.xcassets */; };
		848C498F2C26A43B00EA8FB8 /* StructTests.swift in Sources */ = {isa = PBXBuildFile; fileRef = 848C498E2C26A43B00EA8FB8 /* StructTests.swift */; };
		848C49992C26A43B00EA8FB8 /* StructUITests.swift in Sources */ = {isa = PBXBuildFile; fileRef = 848C49982C26A43B00EA8FB8 /* StructUITests.swift */; };
		848C499B2C26A43B00EA8FB8 /* StructUITestsLaunchTests.swift in Sources */ = {isa = PBXBuildFile; fileRef = 848C499A2C26A43B00EA8FB8 /* StructUITestsLaunchTests.swift */; };
/* End PBXBuildFile section */

/* Begin PBXContainerItemProxy section */
		848C498B2C26A43B00EA8FB8 /* PBXContainerItemProxy */ = {
			isa = PBXContainerItemProxy;
			containerPortal = 848C49722C26A43800EA8FB8 /* Project object */;
			proxyType = 1;
			remoteGlobalIDString = 848C49792C26A43800EA8FB8;
			remoteInfo = Struct;
		};
		848C49952C26A43B00EA8FB8 /* PBXContainerItemProxy */ = {
			isa = PBXContainerItemProxy;
			containerPortal = 848C49722C26A43800EA8FB8 /* Project object */;
			proxyType = 1;
			remoteGlobalIDString = 848C49792C26A43800EA8FB8;
			remoteInfo = Struct;
		};
/* End PBXContainerItemProxy section */

/* Begin PBXFileReference section */
		848C497A2C26A43800EA8FB8 /* Struct.app */ = {isa = PBXFileReference; explicitFileType = wrapper.application; includeInIndex = 0; path = Struct.app; sourceTree = BUILT_PRODUCTS_DIR; };
		848C497D2C26A43800EA8FB8 /* StructApp.swift */ = {isa = PBXFileReference; lastKnownFileType = sourcecode.swift; path = StructApp.swift; sourceTree = "<group>"; };
		848C497F2C26A43800EA8FB8 /* ContentView.swift */ = {isa = PBXFileReference; lastKnownFileType = sourcecode.swift; path = ContentView.swift; sourceTree = "<group>"; };
		848C49812C26A43A00EA8FB8 /* Assets.xcassets */ = {isa = PBXFileReference; lastKnownFileType = folder.assetcatalog; path = Assets.xcassets; sourceTree = "<group>"; };
		848C49842C26A43A00EA8FB8 /* Preview Assets.xcassets */ = {isa = PBXFileReference; lastKnownFileType = folder.assetcatalog; path = "Preview Assets.xcassets"; sourceTree = "<group>"; };
		848C498A2C26A43B00EA8FB8 /* StructTests.xctest */ = {isa = PBXFileReference; explicitFileType = wrapper.cfbundle; includeInIndex = 0; path = StructTests.xctest; sourceTree = BUILT_PRODUCTS_DIR; };
		848C498E2C26A43B00EA8FB8 /* StructTests.swift */ = {isa = PBXFileReference; lastKnownFileType = sourcecode.swift; path = StructTests.swift; sourceTree = "<group>"; };
		848C49942C26A43B00EA8FB8 /* StructUITests.xctest */ = {isa = PBXFileReference; explicitFileType = wrapper.cfbundle; includeInIndex = 0; path = StructUITests.xctest; sourceTree = BUILT_PRODUCTS_DIR; };
		848C49982C26A43B00EA8FB8 /* StructUITests.swift */ = {isa = PBXFileReference; lastKnownFileType = sourcecode.swift; path = StructUITests.swift; sourceTree = "<group>"; };
		848C499A2C26A43B00EA8FB8 /* StructUITestsLaunchTests.swift */ = {isa = PBXFileReference; lastKnownFileType = sourcecode.swift; path = StructUITestsLaunchTests.swift; sourceTree = "<group>"; };
/* End PBXFileReference section */

/* Begin PBXFrameworksBuildPhase section */
		848C49772C26A43800EA8FB8 /* Frameworks */ = {
			isa = PBXFrameworksBuildPhase;
			buildActionMask = 2147483647;
			files = (
			);
			runOnlyForDeploymentPostprocessing = 0;
		};
		848C49872C26A43B00EA8FB8 /* Frameworks */ = {
			isa = PBXFrameworksBuildPhase;
			buildActionMask = 2147483647;
			files = (
			);
			runOnlyForDeploymentPostprocessing = 0;
		};
		848C49912C26A43B00EA8FB8 /* Frameworks */ = {
			isa = PBXFrameworksBuildPhase;
			buildActionMask = 2147483647;
			files = (
			);
			runOnlyForDeploymentPostprocessing = 0;
		};
/* End PBXFrameworksBuildPhase section */

/* Begin PBXGroup section */
		848C49712C26A43800EA8FB8 = {
			isa = PBXGroup;
			children = (
				848C497C2C26A43800EA8FB8 /* Struct */,
				848C498D2C26A43B00EA8FB8 /* StructTests */,
				848C49972C26A43B00EA8FB8 /* StructUITests */,
				848C497B2C26A43800EA8FB8 /* Products */,
			);
			sourceTree = "<group>";
		};
		848C497B2C26A43800EA8FB8 /* Products */ = {
			isa = PBXGroup;
			children = (
				848C497A2C26A43800EA8FB8 /* Struct.app */,
				848C498A2C26A43B00EA8FB8 /* StructTests.xctest */,
				848C49942C26A43B00EA8FB8 /* StructUITests.xctest */,
			);
			name = Products;
			sourceTree = "<group>";
		};
		848C497C2C26A43800EA8FB8 /* Struct */ = {
			isa = PBXGroup;
			children = (
				848C497D2C26A43800EA8FB8 /* StructApp.swift */,
				848C497F2C26A43800EA8FB8 /* ContentView.swift */,
				848C49812C26A43A00EA8FB8 /* Assets.xcassets */,
				848C49832C26A43A00EA8FB8 /* Preview Content */,
			);
			path = Struct;
			sourceTree = "<group>";
		};
		848C49832C26A43A00EA8FB8 /* Preview Content */ = {
			isa = PBXGroup;
			children = (
				848C49842C26A43A00EA8FB8 /* Preview Assets.xcassets */,
			);
			path = "Preview Content";
			sourceTree = "<group>";
		};
		848C498D2C26A43B00EA8FB8 /* StructTests */ = {
			isa = PBXGroup;
			children = (
				848C498E2C26A43B00EA8FB8 /* StructTests.swift */,
			);
			path = StructTests;
			sourceTree = "<group>";
		};
		848C49972C26A43B00EA8FB8 /* StructUITests */ = {
			isa = PBXGroup;
			children = (
				848C49982C26A43B00EA8FB8 /* StructUITests.swift */,
				848C499A2C26A43B00EA8FB8 /* StructUITestsLaunchTests.swift */,
			);
			path = StructUITests;
			sourceTree = "<group>";
		};
/* End PBXGroup section */

/* Begin PBXNativeTarget section */
		848C49792C26A43800EA8FB8 /* Struct */ = {
			isa = PBXNativeTarget;
			buildConfigurationList = 848C499E2C26A43B00EA8FB8 /* Build configuration list for PBXNativeTarget "Struct" */;
			buildPhases = (
				848C49762C26A43800EA8FB8 /* Sources */,
				848C49772C26A43800EA8FB8 /* Frameworks */,
				848C49782C26A43800EA8FB8 /* Resources */,
			);
			buildRules = (
			);
			dependencies = (
			);
			name = Struct;
			productName = Struct;
			productReference = 848C497A2C26A43800EA8FB8 /* Struct.app */;
			productType = "com.apple.product-type.application";
		};
		848C49892C26A43B00EA8FB8 /* StructTests */ = {
			isa = PBXNativeTarget;
			buildConfigurationList = 848C49A12C26A43B00EA8FB8 /* Build configuration list for PBXNativeTarget "StructTests" */;
			buildPhases = (
				848C49862C26A43B00EA8FB8 /* Sources */,
				848C49872C26A43B00EA8FB8 /* Frameworks */,
				848C49882C26A43B00EA8FB8 /* Resources */,
			);
			buildRules = (
			);
			dependencies = (
				848C498C2C26A43B00EA8FB8 /* PBXTargetDependency */,
			);
			name = StructTests;
			productName = StructTests;
			productReference = 848C498A2C26A43B00EA8FB8 /* StructTests.xctest */;
			productType = "com.apple.product-type.bundle.unit-test";
		};
		848C49932C26A43B00EA8FB8 /* StructUITests */ = {
			isa = PBXNativeTarget;
			buildConfigurationList = 848C49A42C26A43B00EA8FB8 /* Build configuration list for PBXNativeTarget "StructUITests" */;
			buildPhases = (
				848C49902C26A43B00EA8FB8 /* Sources */,
				848C49912C26A43B00EA8FB8 /* Frameworks */,
				848C49922C26A43B00EA8FB8 /* Resources */,
			);
			buildRules = (
			);
			dependencies = (
				848C49962C26A43B00EA8FB8 /* PBXTargetDependency */,
			);
			name = StructUITests;
			productName = StructUITests;
			productReference = 848C49942C26A43B00EA8FB8 /* StructUITests.xctest */;
			productType = "com.apple.product-type.bundle.ui-testing";
		};
/* End PBXNativeTarget section */

/* Begin PBXProject section */
		848C49722C26A43800EA8FB8 /* Project object */ = {
			isa = PBXProject;
			attributes = {
				BuildIndependentTargetsInParallel = 1;
				LastSwiftUpdateCheck = 1540;
				LastUpgradeCheck = 1540;
				TargetAttributes = {
					848C49792C26A43800EA8FB8 = {
						CreatedOnToolsVersion = 15.4;
					};
					848C49892C26A43B00EA8FB8 = {
						CreatedOnToolsVersion = 15.4;
						TestTargetID = 848C49792C26A43800EA8FB8;
					};
					848C49932C26A43B00EA8FB8 = {
						CreatedOnToolsVersion = 15.4;
						TestTargetID = 848C49792C26A43800EA8FB8;
					};
				};
			};
			buildConfigurationList = 848C49752C26A43800EA8FB8 /* Build configuration list for PBXProject "Struct" */;
			compatibilityVersion = "Xcode 14.0";
			developmentRegion = en;
			hasScannedForEncodings = 0;
			knownRegions = (
				en,
				Base,
			);
			mainGroup = 848C49712C26A43800EA8FB8;
			productRefGroup = 848C497B2C26A43800EA8FB8 /* Products */;
			projectDirPath = "";
			projectRoot = "";
			targets = (
				848C49792C26A43800EA8FB8 /* Struct */,
				848C49892C26A43B00EA8FB8 /* StructTests */,
				848C49932C26A43B00EA8FB8 /* StructUITests */,
			);
		};
/* End PBXProject section */

/* Begin PBXResourcesBuildPhase section */
		848C49782C26A43800EA8FB8 /* Resources */ = {
			isa = PBXResourcesBuildPhase;
			buildActionMask = 2147483647;
			files = (
				848C49852C26A43A00EA8FB8 /* Preview Assets.xcassets in Resources */,
				848C49822C26A43A00EA8FB8 /* Assets.xcassets in Resources */,
			);
			runOnlyForDeploymentPostprocessing = 0;
		};
		848C49882C26A43B00EA8FB8 /* Resources */ = {
			isa = PBXResourcesBuildPhase;
			buildActionMask = 2147483647;
			files = (
			);
			runOnlyForDeploymentPostprocessing = 0;
		};
		848C49922C26A43B00EA8FB8 /* Resources */ = {
			isa = PBXResourcesBuildPhase;
			buildActionMask = 2147483647;
			files = (
			);
			runOnlyForDeploymentPostprocessing = 0;
		};
/* End PBXResourcesBuildPhase section */

/* Begin PBXSourcesBuildPhase section */
		848C49762C26A43800EA8FB8 /* Sources */ = {
			isa = PBXSourcesBuildPhase;
			buildActionMask = 2147483647;
			files = (
				848C49802C26A43800EA8FB8 /* ContentView.swift in Sources */,
				848C497E2C26A43800EA8FB8 /* StructApp.swift in Sources */,
			);
			runOnlyForDeploymentPostprocessing = 0;
		};
		848C49862C26A43B00EA8FB8 /* Sources */ = {
			isa = PBXSourcesBuildPhase;
			buildActionMask = 2147483647;
			files = (
				848C498F2C26A43B00EA8FB8 /* StructTests.swift in Sources */,
			);
			runOnlyForDeploymentPostprocessing = 0;
		};
		848C49902C26A43B00EA8FB8 /* Sources */ = {
			isa = PBXSourcesBuildPhase;
			buildActionMask = 2147483647;
			files = (
				848C49992C26A43B00EA8FB8 /* StructUITests.swift in Sources */,
				848C499B2C26A43B00EA8FB8 /* StructUITestsLaunchTests.swift in Sources */,
			);
			runOnlyForDeploymentPostprocessing = 0;
		};
/* End PBXSourcesBuildPhase section */

/* Begin PBXTargetDependency section */
		848C498C2C26A43B00EA8FB8 /* PBXTargetDependency */ = {
			isa = PBXTargetDependency;
			target = 848C49792C26A43800EA8FB8 /* Struct */;
			targetProxy = 848C498B2C26A43B00EA8FB8 /* PBXContainerItemProxy */;
		};
		848C49962C26A43B00EA8FB8 /* PBXTargetDependency */ = {
			isa = PBXTargetDependency;
			target = 848C49792C26A43800EA8FB8 /* Struct */;
			targetProxy = 848C49952C26A43B00EA8FB8 /* PBXContainerItemProxy */;
		};
/* End PBXTargetDependency section */

/* Begin XCBuildConfiguration section */
		848C499C2C26A43B00EA8FB8 /* Debug */ = {
			isa = XCBuildConfiguration;
			buildSettings = {
				ALWAYS_SEARCH_USER_PATHS = NO;
				ASSETCATALOG_COMPILER_GENERATE_SWIFT_ASSET_SYMBOL_EXTENSIONS = YES;
				CLANG_ANALYZER_NONNULL = YES;
				CLANG_ANALYZER_NUMBER_OBJECT_CONVERSION = YES_AGGRESSIVE;
				CLANG_CXX_LANGUAGE_STANDARD = "gnu++20";
				CLANG_ENABLE_MODULES = YES;
				CLANG_ENABLE_OBJC_ARC = YES;
				CLANG_ENABLE_OBJC_WEAK = YES;
				CLANG_WARN_BLOCK_CAPTURE_AUTORELEASING = YES;
				CLANG_WARN_BOOL_CONVERSION = YES;
				CLANG_WARN_COMMA = YES;
				CLANG_WARN_CONSTANT_CONVERSION = YES;
				CLANG_WARN_DEPRECATED_OBJC_IMPLEMENTATIONS = YES;
				CLANG_WARN_DIRECT_OBJC_ISA_USAGE = YES_ERROR;
				CLANG_WARN_DOCUMENTATION_COMMENTS = YES;
				CLANG_WARN_EMPTY_BODY = YES;
				CLANG_WARN_ENUM_CONVERSION = YES;
				CLANG_WARN_INFINITE_RECURSION = YES;
				CLANG_WARN_INT_CONVERSION = YES;
				CLANG_WARN_NON_LITERAL_NULL_CONVERSION = YES;
				CLANG_WARN_OBJC_IMPLICIT_RETAIN_SELF = YES;
				CLANG_WARN_OBJC_LITERAL_CONVERSION = YES;
				CLANG_WARN_OBJC_ROOT_CLASS = YES_ERROR;
				CLANG_WARN_QUOTED_INCLUDE_IN_FRAMEWORK_HEADER = YES;
				CLANG_WARN_RANGE_LOOP_ANALYSIS = YES;
				CLANG_WARN_STRICT_PROTOTYPES = YES;
				CLANG_WARN_SUSPICIOUS_MOVE = YES;
				CLANG_WARN_UNGUARDED_AVAILABILITY = YES_AGGRESSIVE;
				CLANG_WARN_UNREACHABLE_CODE = YES;
				CLANG_WARN__DUPLICATE_METHOD_MATCH = YES;
				COPY_PHASE_STRIP = NO;
				DEBUG_INFORMATION_FORMAT = dwarf;
				ENABLE_STRICT_OBJC_MSGSEND = YES;
				ENABLE_TESTABILITY = YES;
				ENABLE_USER_SCRIPT_SANDBOXING = YES;
				GCC_C_LANGUAGE_STANDARD = gnu17;
				GCC_DYNAMIC_NO_PIC = NO;
				GCC_NO_COMMON_BLOCKS = YES;
				GCC_OPTIMIZATION_LEVEL = 0;
				GCC_PREPROCESSOR_DEFINITIONS = (
					"DEBUG=1",
					"$(inherited)",
				);
				GCC_WARN_64_TO_32_BIT_CONVERSION = YES;
				GCC_WARN_ABOUT_RETURN_TYPE = YES_ERROR;
				GCC_WARN_UNDECLARED_SELECTOR = YES;
				GCC_WARN_UNINITIALIZED_AUTOS = YES_AGGRESSIVE;
				GCC_WARN_UNUSED_FUNCTION = YES;
				GCC_WARN_UNUSED_VARIABLE = YES;
				IPHONEOS_DEPLOYMENT_TARGET = 17.5;
				LOCALIZATION_PREFERS_STRING_CATALOGS = YES;
				MTL_ENABLE_DEBUG_INFO = INCLUDE_SOURCE;
				MTL_FAST_MATH = YES;
				ONLY_ACTIVE_ARCH = YES;
				SDKROOT = iphoneos;
				SWIFT_ACTIVE_COMPILATION_CONDITIONS = "DEBUG $(inherited)";
				SWIFT_OPTIMIZATION_LEVEL = "-Onone";
			};
			name = Debug;
		};
		848C499D2C26A43B00EA8FB8 /* Release */ = {
			isa = XCBuildConfiguration;
			buildSettings = {
				ALWAYS_SEARCH_USER_PATHS = NO;
				ASSETCATALOG_COMPILER_GENERATE_SWIFT_ASSET_SYMBOL_EXTENSIONS = YES;
				CLANG_ANALYZER_NONNULL = YES;
				CLANG_ANALYZER_NUMBER_OBJECT_CONVERSION = YES_AGGRESSIVE;
				CLANG_CXX_LANGUAGE_STANDARD = "gnu++20";
				CLANG_ENABLE_MODULES = YES;
				CLANG_ENABLE_OBJC_ARC = YES;
				CLANG_ENABLE_OBJC_WEAK = YES;
				CLANG_WARN_BLOCK_CAPTURE_AUTORELEASING = YES;
				CLANG_WARN_BOOL_CONVERSION = YES;
				CLANG_WARN_COMMA = YES;
				CLANG_WARN_CONSTANT_CONVERSION = YES;
				CLANG_WARN_DEPRECATED_OBJC_IMPLEMENTATIONS = YES;
				CLANG_WARN_DIRECT_OBJC_ISA_USAGE = YES_ERROR;
				CLANG_WARN_DOCUMENTATION_COMMENTS = YES;
				CLANG_WARN_EMPTY_BODY = YES;
				CLANG_WARN_ENUM_CONVERSION = YES;
				CLANG_WARN_INFINITE_RECURSION = YES;
				CLANG_WARN_INT_CONVERSION = YES;
				CLANG_WARN_NON_LITERAL_NULL_CONVERSION = YES;
				CLANG_WARN_OBJC_IMPLICIT_RETAIN_SELF = YES;
				CLANG_WARN_OBJC_LITERAL_CONVERSION = YES;
				CLANG_WARN_OBJC_ROOT_CLASS = YES_ERROR;
				CLANG_WARN_QUOTED_INCLUDE_IN_FRAMEWORK_HEADER = YES;
				CLANG_WARN_RANGE_LOOP_ANALYSIS = YES;
				CLANG_WARN_STRICT_PROTOTYPES = YES;
				CLANG_WARN_SUSPICIOUS_MOVE = YES;
				CLANG_WARN_UNGUARDED_AVAILABILITY = YES_AGGRESSIVE;
				CLANG_WARN_UNREACHABLE_CODE = YES;
				CLANG_WARN__DUPLICATE_METHOD_MATCH = YES;
				COPY_PHASE_STRIP = NO;
				DEBUG_INFORMATION_FORMAT = "dwarf-with-dsym";
				ENABLE_NS_ASSERTIONS = NO;
				ENABLE_STRICT_OBJC_MSGSEND = YES;
				ENABLE_USER_SCRIPT_SANDBOXING = YES;
				GCC_C_LANGUAGE_STANDARD = gnu17;
				GCC_NO_COMMON_BLOCKS = YES;
				GCC_WARN_64_TO_32_BIT_CONVERSION = YES;
				GCC_WARN_ABOUT_RETURN_TYPE = YES_ERROR;
				GCC_WARN_UNDECLARED_SELECTOR = YES;
				GCC_WARN_UNINITIALIZED_AUTOS = YES_AGGRESSIVE;
				GCC_WARN_UNUSED_FUNCTION = YES;
				GCC_WARN_UNUSED_VARIABLE = YES;
				IPHONEOS_DEPLOYMENT_TARGET = 17.5;
				LOCALIZATION_PREFERS_STRING_CATALOGS = YES;
				MTL_ENABLE_DEBUG_INFO = NO;
				MTL_FAST_MATH = YES;
				SDKROOT = iphoneos;
				SWIFT_COMPILATION_MODE = wholemodule;
				VALIDATE_PRODUCT = YES;
			};
			name = Release;
		};
		848C499F2C26A43B00EA8FB8 /* Debug */ = {
			isa = XCBuildConfiguration;
			buildSettings = {
				ASSETCATALOG_COMPILER_APPICON_NAME = AppIcon;
				ASSETCATALOG_COMPILER_GLOBAL_ACCENT_COLOR_NAME = AccentColor;
				CODE_SIGN_STYLE = Automatic;
				CURRENT_PROJECT_VERSION = 1;
				DEVELOPMENT_ASSET_PATHS = "\"Struct/Preview Content\"";
				ENABLE_PREVIEWS = YES;
				GENERATE_INFOPLIST_FILE = YES;
				INFOPLIST_KEY_UIApplicationSceneManifest_Generation = YES;
				INFOPLIST_KEY_UIApplicationSupportsIndirectInputEvents = YES;
				INFOPLIST_KEY_UILaunchScreen_Generation = YES;
				INFOPLIST_KEY_UISupportedInterfaceOrientations_iPad = "UIInterfaceOrientationPortrait UIInterfaceOrientationPortraitUpsideDown UIInterfaceOrientationLandscapeLeft UIInterfaceOrientationLandscapeRight";
				INFOPLIST_KEY_UISupportedInterfaceOrientations_iPhone = "UIInterfaceOrientationPortrait UIInterfaceOrientationLandscapeLeft UIInterfaceOrientationLandscapeRight";
				LD_RUNPATH_SEARCH_PATHS = (
					"$(inherited)",
					"@executable_path/Frameworks",
				);
				MARKETING_VERSION = 1.0;
				PRODUCT_BUNDLE_IDENTIFIER = Nantapong.name.Struct;
				PRODUCT_NAME = "$(TARGET_NAME)";
				SWIFT_EMIT_LOC_STRINGS = YES;
				SWIFT_VERSION = 5.0;
				TARGETED_DEVICE_FAMILY = "1,2";
			};
			name = Debug;
		};
		848C49A02C26A43B00EA8FB8 /* Release */ = {
			isa = XCBuildConfiguration;
			buildSettings = {
				ASSETCATALOG_COMPILER_APPICON_NAME = AppIcon;
				ASSETCATALOG_COMPILER_GLOBAL_ACCENT_COLOR_NAME = AccentColor;
				CODE_SIGN_STYLE = Automatic;
				CURRENT_PROJECT_VERSION = 1;
				DEVELOPMENT_ASSET_PATHS = "\"Struct/Preview Content\"";
				ENABLE_PREVIEWS = YES;
				GENERATE_INFOPLIST_FILE = YES;
				INFOPLIST_KEY_UIApplicationSceneManifest_Generation = YES;
				INFOPLIST_KEY_UIApplicationSupportsIndirectInputEvents = YES;
				INFOPLIST_KEY_UILaunchScreen_Generation = YES;
				INFOPLIST_KEY_UISupportedInterfaceOrientations_iPad = "UIInterfaceOrientationPortrait UIInterfaceOrientationPortraitUpsideDown UIInterfaceOrientationLandscapeLeft UIInterfaceOrientationLandscapeRight";
				INFOPLIST_KEY_UISupportedInterfaceOrientations_iPhone = "UIInterfaceOrientationPortrait UIInterfaceOrientationLandscapeLeft UIInterfaceOrientationLandscapeRight";
				LD_RUNPATH_SEARCH_PATHS = (
					"$(inherited)",
					"@executable_path/Frameworks",
				);
				MARKETING_VERSION = 1.0;
				PRODUCT_BUNDLE_IDENTIFIER = Nantapong.name.Struct;
				PRODUCT_NAME = "$(TARGET_NAME)";
				SWIFT_EMIT_LOC_STRINGS = YES;
				SWIFT_VERSION = 5.0;
				TARGETED_DEVICE_FAMILY = "1,2";
			};
			name = Release;
		};
		848C49A22C26A43B00EA8FB8 /* Debug */ = {
			isa = XCBuildConfiguration;
			buildSettings = {
				ALWAYS_EMBED_SWIFT_STANDARD_LIBRARIES = YES;
				BUNDLE_LOADER = "$(TEST_HOST)";
				CODE_SIGN_STYLE = Automatic;
				CURRENT_PROJECT_VERSION = 1;
				GENERATE_INFOPLIST_FILE = YES;
				IPHONEOS_DEPLOYMENT_TARGET = 17.5;
				MARKETING_VERSION = 1.0;
				PRODUCT_BUNDLE_IDENTIFIER = Nantapong.name.StructTests;
				PRODUCT_NAME = "$(TARGET_NAME)";
				SWIFT_EMIT_LOC_STRINGS = NO;
				SWIFT_VERSION = 5.0;
				TARGETED_DEVICE_FAMILY = "1,2";
				TEST_HOST = "$(BUILT_PRODUCTS_DIR)/Struct.app/$(BUNDLE_EXECUTABLE_FOLDER_PATH)/Struct";
			};
			name = Debug;
		};
		848C49A32C26A43B00EA8FB8 /* Release */ = {
			isa = XCBuildConfiguration;
			buildSettings = {
				ALWAYS_EMBED_SWIFT_STANDARD_LIBRARIES = YES;
				BUNDLE_LOADER = "$(TEST_HOST)";
				CODE_SIGN_STYLE = Automatic;
				CURRENT_PROJECT_VERSION = 1;
				GENERATE_INFOPLIST_FILE = YES;
				IPHONEOS_DEPLOYMENT_TARGET = 17.5;
				MARKETING_VERSION = 1.0;
				PRODUCT_BUNDLE_IDENTIFIER = Nantapong.name.StructTests;
				PRODUCT_NAME = "$(TARGET_NAME)";
				SWIFT_EMIT_LOC_STRINGS = NO;
				SWIFT_VERSION = 5.0;
				TARGETED_DEVICE_FAMILY = "1,2";
				TEST_HOST = "$(BUILT_PRODUCTS_DIR)/Struct.app/$(BUNDLE_EXECUTABLE_FOLDER_PATH)/Struct";
			};
			name = Release;
		};
		848C49A52C26A43B00EA8FB8 /* Debug */ = {
			isa = XCBuildConfiguration;
			buildSettings = {
				ALWAYS_EMBED_SWIFT_STANDARD_LIBRARIES = YES;
				CODE_SIGN_STYLE = Automatic;
				CURRENT_PROJECT_VERSION = 1;
				GENERATE_INFOPLIST_FILE = YES;
				MARKETING_VERSION = 1.0;
				PRODUCT_BUNDLE_IDENTIFIER = Nantapong.name.StructUITests;
				PRODUCT_NAME = "$(TARGET_NAME)";
				SWIFT_EMIT_LOC_STRINGS = NO;
				SWIFT_VERSION = 5.0;
				TARGETED_DEVICE_FAMILY = "1,2";
				TEST_TARGET_NAME = Struct;
			};
			name = Debug;
		};
		848C49A62C26A43B00EA8FB8 /* Release */ = {
			isa = XCBuildConfiguration;
			buildSettings = {
				ALWAYS_EMBED_SWIFT_STANDARD_LIBRARIES = YES;
				CODE_SIGN_STYLE = Automatic;
				CURRENT_PROJECT_VERSION = 1;
				GENERATE_INFOPLIST_FILE = YES;
				MARKETING_VERSION = 1.0;
				PRODUCT_BUNDLE_IDENTIFIER = Nantapong.name.StructUITests;
				PRODUCT_NAME = "$(TARGET_NAME)";
				SWIFT_EMIT_LOC_STRINGS = NO;
				SWIFT_VERSION = 5.0;
				TARGETED_DEVICE_FAMILY = "1,2";
				TEST_TARGET_NAME = Struct;
			};
			name = Release;
		};
/* End XCBuildConfiguration section */

/* Begin XCConfigurationList section */
		848C49752C26A43800EA8FB8 /* Build configuration list for PBXProject "Struct" */ = {
			isa = XCConfigurationList;
			buildConfigurations = (
				848C499C2C26A43B00EA8FB8 /* Debug */,
				848C499D2C26A43B00EA8FB8 /* Release */,
			);
			defaultConfigurationIsVisible = 0;
			defaultConfigurationName = Release;
		};
		848C499E2C26A43B00EA8FB8 /* Build configuration list for PBXNativeTarget "Struct" */ = {
			isa = XCConfigurationList;
			buildConfigurations = (
				848C499F2C26A43B00EA8FB8 /* Debug */,
				848C49A02C26A43B00EA8FB8 /* Release */,
			);
			defaultConfigurationIsVisible = 0;
			defaultConfigurationName = Release;
		};
		848C49A12C26A43B00EA8FB8 /* Build configuration list for PBXNativeTarget "StructTests" */ = {
			isa = XCConfigurationList;
			buildConfigurations = (
				848C49A22C26A43B00EA8FB8 /* Debug */,
				848C49A32C26A43B00EA8FB8 /* Release */,
			);
			defaultConfigurationIsVisible = 0;
			defaultConfigurationName = Release;
		};
		848C49A42C26A43B00EA8FB8 /* Build configuration list for PBXNativeTarget "StructUITests" */ = {
			isa = XCConfigurationList;
			buildConfigurations = (
				848C49A52C26A43B00EA8FB8 /* Debug */,
				848C49A62C26A43B00EA8FB8 /* Release */,
			);
			defaultConfigurationIsVisible = 0;
			defaultConfigurationName = Release;
		};
/* End XCConfigurationList section */
	};
	rootObject = 848C49722C26A43800EA8FB8 /* Project object */;
}
